# This file is autogenerated, do not edit; changes may be undone by the next 'dep ensure'.


[[projects]]
  name = "github.com/mattn/go-runewidth"
  packages = ["."]
  revision = "9e777a8366cce605130a531d2cd6363d07ad7317"
  version = "v0.0.2"

[[projects]]
  name = "github.com/raphamorim/go-rainbow"
  packages = ["."]
  revision = "78a433154b4b7fadb63848413006e0dc06ff13e7"
  version = "v0.1.0"

[[projects]]
  name = "github.com/tomnomnom/xtermcolor"
  packages = ["."]
  revision = "94f3f1fdbf18faf3c6151270e502feb9a1b8693f"
  version = "0.1.2"

[[projects]]
  name = "gopkg.in/cheggaaa/pb.v1"
  packages = ["."]
  revision = "657164d0228d6bebe316fdf725c69f131a50fb10"
  version = "v1.0.18"

[solve-meta]
  analyzer-name = "dep"
  analyzer-version = 1
  inputs-digest = "c29ebf4cce0ac9eaccdfbc3dabf5690d6790d0013f903843674c37f53452a0a3"
  solver-name = "gps-cdcl"
  solver-version = 1
